// !$*UTF8*$!
{
	archiveVersion = 1;
	classes = {
	};
	objectVersion = 56;
	objects = {

/* Begin PBXBuildFile section */
		42346DBA2B5B88890001B988 /* ProductDetailViewController.swift in Sources */ = {isa = PBXBuildFile; fileRef = 42346DB92B5B88890001B988 /* ProductDetailViewController.swift */; };
		42346DBE2B5BE5AD0001B988 /* SettingViewController.swift in Sources */ = {isa = PBXBuildFile; fileRef = 42346DBD2B5BE5AD0001B988 /* SettingViewController.swift */; };
		42346DC22B5BEE280001B988 /* SettingProfileTableViewCell.swift in Sources */ = {isa = PBXBuildFile; fileRef = 42346DC02B5BEE280001B988 /* SettingProfileTableViewCell.swift */; };
		42346DC32B5BEE280001B988 /* SettingProfileTableViewCell.xib in Resources */ = {isa = PBXBuildFile; fileRef = 42346DC12B5BEE280001B988 /* SettingProfileTableViewCell.xib */; };
		42346DC62B5BFA3D0001B988 /* SettingOptionTableViewCell.swift in Sources */ = {isa = PBXBuildFile; fileRef = 42346DC42B5BFA3D0001B988 /* SettingOptionTableViewCell.swift */; };
		42346DC72B5BFA3D0001B988 /* SettingOptionTableViewCell.xib in Resources */ = {isa = PBXBuildFile; fileRef = 42346DC52B5BFA3D0001B988 /* SettingOptionTableViewCell.xib */; };
		42346DC92B5CBC910001B988 /* SelectProfileViewController.swift in Sources */ = {isa = PBXBuildFile; fileRef = 42346DC82B5CBC910001B988 /* SelectProfileViewController.swift */; };
		42346DCD2B5CC06A0001B988 /* SelectProfileCollectionViewCell.swift in Sources */ = {isa = PBXBuildFile; fileRef = 42346DCB2B5CC06A0001B988 /* SelectProfileCollectionViewCell.swift */; };
		42346DCE2B5CC06A0001B988 /* SelectProfileCollectionViewCell.xib in Resources */ = {isa = PBXBuildFile; fileRef = 42346DCC2B5CC06A0001B988 /* SelectProfileCollectionViewCell.xib */; };
		42A570F22B5906C30070AFB4 /* AppDelegate.swift in Sources */ = {isa = PBXBuildFile; fileRef = 42A570F12B5906C30070AFB4 /* AppDelegate.swift */; };
		42A570F42B5906C30070AFB4 /* SceneDelegate.swift in Sources */ = {isa = PBXBuildFile; fileRef = 42A570F32B5906C30070AFB4 /* SceneDelegate.swift */; };
		42A570F62B5906C30070AFB4 /* OnboardingViewController.swift in Sources */ = {isa = PBXBuildFile; fileRef = 42A570F52B5906C30070AFB4 /* OnboardingViewController.swift */; };
		42A570F92B5906C30070AFB4 /* Main.storyboard in Resources */ = {isa = PBXBuildFile; fileRef = 42A570F72B5906C30070AFB4 /* Main.storyboard */; };
		42A570FB2B5906C50070AFB4 /* Assets.xcassets in Resources */ = {isa = PBXBuildFile; fileRef = 42A570FA2B5906C50070AFB4 /* Assets.xcassets */; };
		42A570FE2B5906C50070AFB4 /* LaunchScreen.storyboard in Resources */ = {isa = PBXBuildFile; fileRef = 42A570FC2B5906C50070AFB4 /* LaunchScreen.storyboard */; };
		42A571072B590B740070AFB4 /* UIColor+Extension.swift in Sources */ = {isa = PBXBuildFile; fileRef = 42A571062B590B740070AFB4 /* UIColor+Extension.swift */; };
		42A571092B590BE50070AFB4 /* UIFont+Extension.swift in Sources */ = {isa = PBXBuildFile; fileRef = 42A571082B590BE50070AFB4 /* UIFont+Extension.swift */; };
		42A5710B2B59102C0070AFB4 /* UIButton+Extension.swift in Sources */ = {isa = PBXBuildFile; fileRef = 42A5710A2B59102C0070AFB4 /* UIButton+Extension.swift */; };
		42A5710D2B59154F0070AFB4 /* SetProfileViewController.swift in Sources */ = {isa = PBXBuildFile; fileRef = 42A5710C2B59154F0070AFB4 /* SetProfileViewController.swift */; };
		42A5710F2B5915A50070AFB4 /* UIViewController+Extension.swift in Sources */ = {isa = PBXBuildFile; fileRef = 42A5710E2B5915A50070AFB4 /* UIViewController+Extension.swift */; };
		42A571122B5917D80070AFB4 /* Kingfisher in Frameworks */ = {isa = PBXBuildFile; productRef = 42A571112B5917D80070AFB4 /* Kingfisher */; };
		42A571152B5917DF0070AFB4 /* Alamofire in Frameworks */ = {isa = PBXBuildFile; productRef = 42A571142B5917DF0070AFB4 /* Alamofire */; };
		42A571182B5917E90070AFB4 /* TextFieldEffects in Frameworks */ = {isa = PBXBuildFile; productRef = 42A571172B5917E90070AFB4 /* TextFieldEffects */; };
		42A5711A2B591D0C0070AFB4 /* UIImageView+Extension.swift in Sources */ = {isa = PBXBuildFile; fileRef = 42A571192B591D0C0070AFB4 /* UIImageView+Extension.swift */; };
		42A5711E2B593C790070AFB4 /* MainViewController.swift in Sources */ = {isa = PBXBuildFile; fileRef = 42A5711D2B593C790070AFB4 /* MainViewController.swift */; };
		42A571212B593F280070AFB4 /* UserDefaultsManager.swift in Sources */ = {isa = PBXBuildFile; fileRef = 42A571202B593F280070AFB4 /* UserDefaultsManager.swift */; };
		42A571252B59472D0070AFB4 /* MainImageTableViewCell.swift in Sources */ = {isa = PBXBuildFile; fileRef = 42A571232B59472D0070AFB4 /* MainImageTableViewCell.swift */; };
		42A571262B59472D0070AFB4 /* MainImageTableViewCell.xib in Resources */ = {isa = PBXBuildFile; fileRef = 42A571242B59472D0070AFB4 /* MainImageTableViewCell.xib */; };
		42A571282B5947980070AFB4 /* UITableViewCell+Extension.swift in Sources */ = {isa = PBXBuildFile; fileRef = 42A571272B5947980070AFB4 /* UITableViewCell+Extension.swift */; };
		42A5712F2B59F42C0070AFB4 /* StringEnum.swift in Sources */ = {isa = PBXBuildFile; fileRef = 42A5712E2B59F42C0070AFB4 /* StringEnum.swift */; };
		42A571372B5A30030070AFB4 /* ReusableProtocol.swift in Sources */ = {isa = PBXBuildFile; fileRef = 42A571362B5A30030070AFB4 /* ReusableProtocol.swift */; };
		42A5713A2B5A37F90070AFB4 /* MainKeywordTableViewCell.swift in Sources */ = {isa = PBXBuildFile; fileRef = 42A571382B5A37F90070AFB4 /* MainKeywordTableViewCell.swift */; };
		42A5713B2B5A37F90070AFB4 /* MainKeywordTableViewCell.xib in Resources */ = {isa = PBXBuildFile; fileRef = 42A571392B5A37F90070AFB4 /* MainKeywordTableViewCell.xib */; };
		42A5713D2B5A5BAE0070AFB4 /* SearchResultViewController.swift in Sources */ = {isa = PBXBuildFile; fileRef = 42A5713C2B5A5BAE0070AFB4 /* SearchResultViewController.swift */; };
		42A5713F2B5A60860070AFB4 /* NaverAPIManager.swift in Sources */ = {isa = PBXBuildFile; fileRef = 42A5713E2B5A60860070AFB4 /* NaverAPIManager.swift */; };
		42A571432B5A612F0070AFB4 /* .gitignore in Resources */ = {isa = PBXBuildFile; fileRef = 42A571422B5A612F0070AFB4 /* .gitignore */; };
		42A571452B5A61460070AFB4 /* APIKey.swift in Sources */ = {isa = PBXBuildFile; fileRef = 42A571442B5A61460070AFB4 /* APIKey.swift */; };
		42A571482B5A64E30070AFB4 /* Item.swift in Sources */ = {isa = PBXBuildFile; fileRef = 42A571472B5A64E30070AFB4 /* Item.swift */; };
		42A5714C2B5A67830070AFB4 /* SearchResultCollectionViewCell.swift in Sources */ = {isa = PBXBuildFile; fileRef = 42A5714A2B5A67830070AFB4 /* SearchResultCollectionViewCell.swift */; };
		42A5714D2B5A67830070AFB4 /* SearchResultCollectionViewCell.xib in Resources */ = {isa = PBXBuildFile; fileRef = 42A5714B2B5A67830070AFB4 /* SearchResultCollectionViewCell.xib */; };
/* End PBXBuildFile section */

/* Begin PBXFileReference section */
		42346DB92B5B88890001B988 /* ProductDetailViewController.swift */ = {isa = PBXFileReference; lastKnownFileType = sourcecode.swift; path = ProductDetailViewController.swift; sourceTree = "<group>"; };
		42346DBD2B5BE5AD0001B988 /* SettingViewController.swift */ = {isa = PBXFileReference; lastKnownFileType = sourcecode.swift; path = SettingViewController.swift; sourceTree = "<group>"; };
		42346DC02B5BEE280001B988 /* SettingProfileTableViewCell.swift */ = {isa = PBXFileReference; lastKnownFileType = sourcecode.swift; path = SettingProfileTableViewCell.swift; sourceTree = "<group>"; };
		42346DC12B5BEE280001B988 /* SettingProfileTableViewCell.xib */ = {isa = PBXFileReference; lastKnownFileType = file.xib; path = SettingProfileTableViewCell.xib; sourceTree = "<group>"; };
		42346DC42B5BFA3D0001B988 /* SettingOptionTableViewCell.swift */ = {isa = PBXFileReference; lastKnownFileType = sourcecode.swift; path = SettingOptionTableViewCell.swift; sourceTree = "<group>"; };
		42346DC52B5BFA3D0001B988 /* SettingOptionTableViewCell.xib */ = {isa = PBXFileReference; lastKnownFileType = file.xib; path = SettingOptionTableViewCell.xib; sourceTree = "<group>"; };
		42346DC82B5CBC910001B988 /* SelectProfileViewController.swift */ = {isa = PBXFileReference; lastKnownFileType = sourcecode.swift; path = SelectProfileViewController.swift; sourceTree = "<group>"; };
		42346DCB2B5CC06A0001B988 /* SelectProfileCollectionViewCell.swift */ = {isa = PBXFileReference; lastKnownFileType = sourcecode.swift; path = SelectProfileCollectionViewCell.swift; sourceTree = "<group>"; };
		42346DCC2B5CC06A0001B988 /* SelectProfileCollectionViewCell.xib */ = {isa = PBXFileReference; lastKnownFileType = file.xib; path = SelectProfileCollectionViewCell.xib; sourceTree = "<group>"; };
		42A570EE2B5906C30070AFB4 /* SeSAC4Recap.app */ = {isa = PBXFileReference; explicitFileType = wrapper.application; includeInIndex = 0; path = SeSAC4Recap.app; sourceTree = BUILT_PRODUCTS_DIR; };
		42A570F12B5906C30070AFB4 /* AppDelegate.swift */ = {isa = PBXFileReference; lastKnownFileType = sourcecode.swift; path = AppDelegate.swift; sourceTree = "<group>"; };
		42A570F32B5906C30070AFB4 /* SceneDelegate.swift */ = {isa = PBXFileReference; lastKnownFileType = sourcecode.swift; path = SceneDelegate.swift; sourceTree = "<group>"; };
		42A570F52B5906C30070AFB4 /* OnboardingViewController.swift */ = {isa = PBXFileReference; lastKnownFileType = sourcecode.swift; path = OnboardingViewController.swift; sourceTree = "<group>"; };
		42A570F82B5906C30070AFB4 /* Base */ = {isa = PBXFileReference; lastKnownFileType = file.storyboard; name = Base; path = Base.lproj/Main.storyboard; sourceTree = "<group>"; };
		42A570FA2B5906C50070AFB4 /* Assets.xcassets */ = {isa = PBXFileReference; lastKnownFileType = folder.assetcatalog; path = Assets.xcassets; sourceTree = "<group>"; };
		42A570FD2B5906C50070AFB4 /* Base */ = {isa = PBXFileReference; lastKnownFileType = file.storyboard; name = Base; path = Base.lproj/LaunchScreen.storyboard; sourceTree = "<group>"; };
		42A570FF2B5906C50070AFB4 /* Info.plist */ = {isa = PBXFileReference; lastKnownFileType = text.plist.xml; path = Info.plist; sourceTree = "<group>"; };
		42A571062B590B740070AFB4 /* UIColor+Extension.swift */ = {isa = PBXFileReference; lastKnownFileType = sourcecode.swift; path = "UIColor+Extension.swift"; sourceTree = "<group>"; };
		42A571082B590BE50070AFB4 /* UIFont+Extension.swift */ = {isa = PBXFileReference; lastKnownFileType = sourcecode.swift; path = "UIFont+Extension.swift"; sourceTree = "<group>"; };
		42A5710A2B59102C0070AFB4 /* UIButton+Extension.swift */ = {isa = PBXFileReference; lastKnownFileType = sourcecode.swift; path = "UIButton+Extension.swift"; sourceTree = "<group>"; };
		42A5710C2B59154F0070AFB4 /* SetProfileViewController.swift */ = {isa = PBXFileReference; lastKnownFileType = sourcecode.swift; path = SetProfileViewController.swift; sourceTree = "<group>"; };
		42A5710E2B5915A50070AFB4 /* UIViewController+Extension.swift */ = {isa = PBXFileReference; lastKnownFileType = sourcecode.swift; path = "UIViewController+Extension.swift"; sourceTree = "<group>"; };
		42A571192B591D0C0070AFB4 /* UIImageView+Extension.swift */ = {isa = PBXFileReference; lastKnownFileType = sourcecode.swift; path = "UIImageView+Extension.swift"; sourceTree = "<group>"; };
		42A5711D2B593C790070AFB4 /* MainViewController.swift */ = {isa = PBXFileReference; lastKnownFileType = sourcecode.swift; path = MainViewController.swift; sourceTree = "<group>"; };
		42A571202B593F280070AFB4 /* UserDefaultsManager.swift */ = {isa = PBXFileReference; lastKnownFileType = sourcecode.swift; path = UserDefaultsManager.swift; sourceTree = "<group>"; };
		42A571232B59472D0070AFB4 /* MainImageTableViewCell.swift */ = {isa = PBXFileReference; lastKnownFileType = sourcecode.swift; path = MainImageTableViewCell.swift; sourceTree = "<group>"; };
		42A571242B59472D0070AFB4 /* MainImageTableViewCell.xib */ = {isa = PBXFileReference; lastKnownFileType = file.xib; path = MainImageTableViewCell.xib; sourceTree = "<group>"; };
		42A571272B5947980070AFB4 /* UITableViewCell+Extension.swift */ = {isa = PBXFileReference; lastKnownFileType = sourcecode.swift; path = "UITableViewCell+Extension.swift"; sourceTree = "<group>"; };
		42A5712E2B59F42C0070AFB4 /* StringEnum.swift */ = {isa = PBXFileReference; lastKnownFileType = sourcecode.swift; path = StringEnum.swift; sourceTree = "<group>"; };
		42A571362B5A30030070AFB4 /* ReusableProtocol.swift */ = {isa = PBXFileReference; lastKnownFileType = sourcecode.swift; path = ReusableProtocol.swift; sourceTree = "<group>"; };
		42A571382B5A37F90070AFB4 /* MainKeywordTableViewCell.swift */ = {isa = PBXFileReference; lastKnownFileType = sourcecode.swift; path = MainKeywordTableViewCell.swift; sourceTree = "<group>"; };
		42A571392B5A37F90070AFB4 /* MainKeywordTableViewCell.xib */ = {isa = PBXFileReference; lastKnownFileType = file.xib; path = MainKeywordTableViewCell.xib; sourceTree = "<group>"; };
		42A5713C2B5A5BAE0070AFB4 /* SearchResultViewController.swift */ = {isa = PBXFileReference; lastKnownFileType = sourcecode.swift; path = SearchResultViewController.swift; sourceTree = "<group>"; };
		42A5713E2B5A60860070AFB4 /* NaverAPIManager.swift */ = {isa = PBXFileReference; lastKnownFileType = sourcecode.swift; path = NaverAPIManager.swift; sourceTree = "<group>"; };
		42A571422B5A612F0070AFB4 /* .gitignore */ = {isa = PBXFileReference; lastKnownFileType = text; path = .gitignore; sourceTree = "<group>"; };
		42A571442B5A61460070AFB4 /* APIKey.swift */ = {isa = PBXFileReference; lastKnownFileType = sourcecode.swift; path = APIKey.swift; sourceTree = "<group>"; };
		42A571472B5A64E30070AFB4 /* Item.swift */ = {isa = PBXFileReference; lastKnownFileType = sourcecode.swift; path = Item.swift; sourceTree = "<group>"; };
		42A5714A2B5A67830070AFB4 /* SearchResultCollectionViewCell.swift */ = {isa = PBXFileReference; lastKnownFileType = sourcecode.swift; path = SearchResultCollectionViewCell.swift; sourceTree = "<group>"; };
		42A5714B2B5A67830070AFB4 /* SearchResultCollectionViewCell.xib */ = {isa = PBXFileReference; lastKnownFileType = file.xib; path = SearchResultCollectionViewCell.xib; sourceTree = "<group>"; };
/* End PBXFileReference section */

/* Begin PBXFrameworksBuildPhase section */
		42A570EB2B5906C30070AFB4 /* Frameworks */ = {
			isa = PBXFrameworksBuildPhase;
			buildActionMask = 2147483647;
			files = (
				42A571182B5917E90070AFB4 /* TextFieldEffects in Frameworks */,
				42A571122B5917D80070AFB4 /* Kingfisher in Frameworks */,
				42A571152B5917DF0070AFB4 /* Alamofire in Frameworks */,
			);
			runOnlyForDeploymentPostprocessing = 0;
		};
/* End PBXFrameworksBuildPhase section */

/* Begin PBXGroup section */
		42346DBF2B5BEDFF0001B988 /* SettingView */ = {
			isa = PBXGroup;
			children = (
				42346DBD2B5BE5AD0001B988 /* SettingViewController.swift */,
				42346DC02B5BEE280001B988 /* SettingProfileTableViewCell.swift */,
				42346DC12B5BEE280001B988 /* SettingProfileTableViewCell.xib */,
				42346DC42B5BFA3D0001B988 /* SettingOptionTableViewCell.swift */,
				42346DC52B5BFA3D0001B988 /* SettingOptionTableViewCell.xib */,
			);
			path = SettingView;
			sourceTree = "<group>";
		};
		42346DCA2B5CBEAF0001B988 /* SelectProfileView */ = {
			isa = PBXGroup;
			children = (
				42346DC82B5CBC910001B988 /* SelectProfileViewController.swift */,
				42346DCB2B5CC06A0001B988 /* SelectProfileCollectionViewCell.swift */,
				42346DCC2B5CC06A0001B988 /* SelectProfileCollectionViewCell.xib */,
			);
			path = SelectProfileView;
			sourceTree = "<group>";
		};
		42A570E52B5906C30070AFB4 = {
			isa = PBXGroup;
			children = (
				42A571422B5A612F0070AFB4 /* .gitignore */,
				42A570F02B5906C30070AFB4 /* SeSAC4Recap-CodeBase */,
				42A570EF2B5906C30070AFB4 /* Products */,
			);
			sourceTree = "<group>";
		};
		42A570EF2B5906C30070AFB4 /* Products */ = {
			isa = PBXGroup;
			children = (
				42A570EE2B5906C30070AFB4 /* SeSAC4Recap.app */,
			);
			name = Products;
			sourceTree = "<group>";
		};
		42A570F02B5906C30070AFB4 /* SeSAC4Recap-CodeBase */ = {
			isa = PBXGroup;
			children = (
				42A571462B5A64BD0070AFB4 /* Model */,
				42A571052B590B640070AFB4 /* Extension */,
				42A571352B5A2FF30070AFB4 /* Resource */,
				42A5712D2B59F4120070AFB4 /* String */,
				42A5711F2B593F120070AFB4 /* Manager */,
				42A570F52B5906C30070AFB4 /* OnboardingViewController.swift */,
				42A5710C2B59154F0070AFB4 /* SetProfileViewController.swift */,
				42346DCA2B5CBEAF0001B988 /* SelectProfileView */,
				42A571222B5947000070AFB4 /* MainView */,
				42A571492B5A67320070AFB4 /* SearchResultView */,
				42346DB92B5B88890001B988 /* ProductDetailViewController.swift */,
				42346DBF2B5BEDFF0001B988 /* SettingView */,
				42A570F72B5906C30070AFB4 /* Main.storyboard */,
				42A570FC2B5906C50070AFB4 /* LaunchScreen.storyboard */,
				42A570FA2B5906C50070AFB4 /* Assets.xcassets */,
				42A570F12B5906C30070AFB4 /* AppDelegate.swift */,
				42A570F32B5906C30070AFB4 /* SceneDelegate.swift */,
				42A570FF2B5906C50070AFB4 /* Info.plist */,
			);
			path = "SeSAC4Recap-CodeBase";
			sourceTree = "<group>";
		};
		42A571052B590B640070AFB4 /* Extension */ = {
			isa = PBXGroup;
			children = (
				42A571062B590B740070AFB4 /* UIColor+Extension.swift */,
				42A571082B590BE50070AFB4 /* UIFont+Extension.swift */,
				42A5710A2B59102C0070AFB4 /* UIButton+Extension.swift */,
				42A5710E2B5915A50070AFB4 /* UIViewController+Extension.swift */,
				42A571192B591D0C0070AFB4 /* UIImageView+Extension.swift */,
				42A571272B5947980070AFB4 /* UITableViewCell+Extension.swift */,
			);
			path = Extension;
			sourceTree = "<group>";
		};
		42A5711F2B593F120070AFB4 /* Manager */ = {
			isa = PBXGroup;
			children = (
				42A571202B593F280070AFB4 /* UserDefaultsManager.swift */,
				42A5713E2B5A60860070AFB4 /* NaverAPIManager.swift */,
			);
			path = Manager;
			sourceTree = "<group>";
		};
		42A571222B5947000070AFB4 /* MainView */ = {
			isa = PBXGroup;
			children = (
				42A5711D2B593C790070AFB4 /* MainViewController.swift */,
				42A571232B59472D0070AFB4 /* MainImageTableViewCell.swift */,
				42A571242B59472D0070AFB4 /* MainImageTableViewCell.xib */,
				42A571382B5A37F90070AFB4 /* MainKeywordTableViewCell.swift */,
				42A571392B5A37F90070AFB4 /* MainKeywordTableViewCell.xib */,
			);
			path = MainView;
			sourceTree = "<group>";
		};
		42A5712D2B59F4120070AFB4 /* String */ = {
			isa = PBXGroup;
			children = (
				42A5712E2B59F42C0070AFB4 /* StringEnum.swift */,
			);
			path = String;
			sourceTree = "<group>";
		};
		42A571352B5A2FF30070AFB4 /* Resource */ = {
			isa = PBXGroup;
			children = (
				42A571362B5A30030070AFB4 /* ReusableProtocol.swift */,
				42A571442B5A61460070AFB4 /* APIKey.swift */,
			);
			path = Resource;
			sourceTree = "<group>";
		};
		42A571462B5A64BD0070AFB4 /* Model */ = {
			isa = PBXGroup;
			children = (
				42A571472B5A64E30070AFB4 /* Item.swift */,
			);
			path = Model;
			sourceTree = "<group>";
		};
		42A571492B5A67320070AFB4 /* SearchResultView */ = {
			isa = PBXGroup;
			children = (
				42A5713C2B5A5BAE0070AFB4 /* SearchResultViewController.swift */,
				42A5714A2B5A67830070AFB4 /* SearchResultCollectionViewCell.swift */,
				42A5714B2B5A67830070AFB4 /* SearchResultCollectionViewCell.xib */,
			);
			path = SearchResultView;
			sourceTree = "<group>";
		};
/* End PBXGroup section */

/* Begin PBXNativeTarget section */
		42A570ED2B5906C30070AFB4 /* SeSAC4Recap */ = {
			isa = PBXNativeTarget;
			buildConfigurationList = 42A571022B5906C50070AFB4 /* Build configuration list for PBXNativeTarget "SeSAC4Recap" */;
			buildPhases = (
				42A570EA2B5906C30070AFB4 /* Sources */,
				42A570EB2B5906C30070AFB4 /* Frameworks */,
				42A570EC2B5906C30070AFB4 /* Resources */,
			);
			buildRules = (
			);
			dependencies = (
			);
			name = SeSAC4Recap;
			packageProductDependencies = (
				42A571112B5917D80070AFB4 /* Kingfisher */,
				42A571142B5917DF0070AFB4 /* Alamofire */,
				42A571172B5917E90070AFB4 /* TextFieldEffects */,
			);
			productName = SeSAC4Recap;
			productReference = 42A570EE2B5906C30070AFB4 /* SeSAC4Recap.app */;
			productType = "com.apple.product-type.application";
		};
/* End PBXNativeTarget section */

/* Begin PBXProject section */
		42A570E62B5906C30070AFB4 /* Project object */ = {
			isa = PBXProject;
			attributes = {
				BuildIndependentTargetsInParallel = 1;
				LastSwiftUpdateCheck = 1510;
				LastUpgradeCheck = 1510;
				TargetAttributes = {
					42A570ED2B5906C30070AFB4 = {
						CreatedOnToolsVersion = 15.1;
					};
				};
			};
			buildConfigurationList = 42A570E92B5906C30070AFB4 /* Build configuration list for PBXProject "SeSAC4Recap-CodeBase" */;
			compatibilityVersion = "Xcode 14.0";
			developmentRegion = en;
			hasScannedForEncodings = 0;
			knownRegions = (
				en,
				Base,
			);
			mainGroup = 42A570E52B5906C30070AFB4;
			packageReferences = (
				42A571102B5917D80070AFB4 /* XCRemoteSwiftPackageReference "Kingfisher" */,
				42A571132B5917DF0070AFB4 /* XCRemoteSwiftPackageReference "Alamofire" */,
				42A571162B5917E90070AFB4 /* XCRemoteSwiftPackageReference "TextFieldEffects" */,
			);
			productRefGroup = 42A570EF2B5906C30070AFB4 /* Products */;
			projectDirPath = "";
			projectRoot = "";
			targets = (
				42A570ED2B5906C30070AFB4 /* SeSAC4Recap */,
			);
		};
/* End PBXProject section */

/* Begin PBXResourcesBuildPhase section */
		42A570EC2B5906C30070AFB4 /* Resources */ = {
			isa = PBXResourcesBuildPhase;
			buildActionMask = 2147483647;
			files = (
				42A570FE2B5906C50070AFB4 /* LaunchScreen.storyboard in Resources */,
				42A570FB2B5906C50070AFB4 /* Assets.xcassets in Resources */,
				42346DC72B5BFA3D0001B988 /* SettingOptionTableViewCell.xib in Resources */,
				42346DC32B5BEE280001B988 /* SettingProfileTableViewCell.xib in Resources */,
				42A571262B59472D0070AFB4 /* MainImageTableViewCell.xib in Resources */,
				42A5713B2B5A37F90070AFB4 /* MainKeywordTableViewCell.xib in Resources */,
				42A5714D2B5A67830070AFB4 /* SearchResultCollectionViewCell.xib in Resources */,
				42A571432B5A612F0070AFB4 /* .gitignore in Resources */,
				42346DCE2B5CC06A0001B988 /* SelectProfileCollectionViewCell.xib in Resources */,
				42A570F92B5906C30070AFB4 /* Main.storyboard in Resources */,
			);
			runOnlyForDeploymentPostprocessing = 0;
		};
/* End PBXResourcesBuildPhase section */

/* Begin PBXSourcesBuildPhase section */
		42A570EA2B5906C30070AFB4 /* Sources */ = {
			isa = PBXSourcesBuildPhase;
			buildActionMask = 2147483647;
			files = (
				42A571482B5A64E30070AFB4 /* Item.swift in Sources */,
				42A571282B5947980070AFB4 /* UITableViewCell+Extension.swift in Sources */,
				42A571452B5A61460070AFB4 /* APIKey.swift in Sources */,
				42A5712F2B59F42C0070AFB4 /* StringEnum.swift in Sources */,
				42A5714C2B5A67830070AFB4 /* SearchResultCollectionViewCell.swift in Sources */,
				42346DC62B5BFA3D0001B988 /* SettingOptionTableViewCell.swift in Sources */,
				42A571372B5A30030070AFB4 /* ReusableProtocol.swift in Sources */,
				42A5710F2B5915A50070AFB4 /* UIViewController+Extension.swift in Sources */,
				42346DBA2B5B88890001B988 /* ProductDetailViewController.swift in Sources */,
				42A570F62B5906C30070AFB4 /* OnboardingViewController.swift in Sources */,
				42A571092B590BE50070AFB4 /* UIFont+Extension.swift in Sources */,
				42346DC22B5BEE280001B988 /* SettingProfileTableViewCell.swift in Sources */,
				42A5713A2B5A37F90070AFB4 /* MainKeywordTableViewCell.swift in Sources */,
				42346DCD2B5CC06A0001B988 /* SelectProfileCollectionViewCell.swift in Sources */,
				42A5711A2B591D0C0070AFB4 /* UIImageView+Extension.swift in Sources */,
				42A570F22B5906C30070AFB4 /* AppDelegate.swift in Sources */,
				42A5710D2B59154F0070AFB4 /* SetProfileViewController.swift in Sources */,
				42A570F42B5906C30070AFB4 /* SceneDelegate.swift in Sources */,
				42A571212B593F280070AFB4 /* UserDefaultsManager.swift in Sources */,
				42A5713F2B5A60860070AFB4 /* NaverAPIManager.swift in Sources */,
				42A571252B59472D0070AFB4 /* MainImageTableViewCell.swift in Sources */,
				42346DBE2B5BE5AD0001B988 /* SettingViewController.swift in Sources */,
				42A5713D2B5A5BAE0070AFB4 /* SearchResultViewController.swift in Sources */,
				42A571072B590B740070AFB4 /* UIColor+Extension.swift in Sources */,
				42A5710B2B59102C0070AFB4 /* UIButton+Extension.swift in Sources */,
				42346DC92B5CBC910001B988 /* SelectProfileViewController.swift in Sources */,
				42A5711E2B593C790070AFB4 /* MainViewController.swift in Sources */,
			);
			runOnlyForDeploymentPostprocessing = 0;
		};
/* End PBXSourcesBuildPhase section */

/* Begin PBXVariantGroup section */
		42A570F72B5906C30070AFB4 /* Main.storyboard */ = {
			isa = PBXVariantGroup;
			children = (
				42A570F82B5906C30070AFB4 /* Base */,
			);
			name = Main.storyboard;
			sourceTree = "<group>";
		};
		42A570FC2B5906C50070AFB4 /* LaunchScreen.storyboard */ = {
			isa = PBXVariantGroup;
			children = (
				42A570FD2B5906C50070AFB4 /* Base */,
			);
			name = LaunchScreen.storyboard;
			sourceTree = "<group>";
		};
/* End PBXVariantGroup section */

/* Begin XCBuildConfiguration section */
		42A571002B5906C50070AFB4 /* Debug */ = {
			isa = XCBuildConfiguration;
			buildSettings = {
				ALWAYS_SEARCH_USER_PATHS = NO;
				ASSETCATALOG_COMPILER_GENERATE_SWIFT_ASSET_SYMBOL_EXTENSIONS = YES;
				CLANG_ANALYZER_NONNULL = YES;
				CLANG_ANALYZER_NUMBER_OBJECT_CONVERSION = YES_AGGRESSIVE;
				CLANG_CXX_LANGUAGE_STANDARD = "gnu++20";
				CLANG_ENABLE_MODULES = YES;
				CLANG_ENABLE_OBJC_ARC = YES;
				CLANG_ENABLE_OBJC_WEAK = YES;
				CLANG_WARN_BLOCK_CAPTURE_AUTORELEASING = YES;
				CLANG_WARN_BOOL_CONVERSION = YES;
				CLANG_WARN_COMMA = YES;
				CLANG_WARN_CONSTANT_CONVERSION = YES;
				CLANG_WARN_DEPRECATED_OBJC_IMPLEMENTATIONS = YES;
				CLANG_WARN_DIRECT_OBJC_ISA_USAGE = YES_ERROR;
				CLANG_WARN_DOCUMENTATION_COMMENTS = YES;
				CLANG_WARN_EMPTY_BODY = YES;
				CLANG_WARN_ENUM_CONVERSION = YES;
				CLANG_WARN_INFINITE_RECURSION = YES;
				CLANG_WARN_INT_CONVERSION = YES;
				CLANG_WARN_NON_LITERAL_NULL_CONVERSION = YES;
				CLANG_WARN_OBJC_IMPLICIT_RETAIN_SELF = YES;
				CLANG_WARN_OBJC_LITERAL_CONVERSION = YES;
				CLANG_WARN_OBJC_ROOT_CLASS = YES_ERROR;
				CLANG_WARN_QUOTED_INCLUDE_IN_FRAMEWORK_HEADER = YES;
				CLANG_WARN_RANGE_LOOP_ANALYSIS = YES;
				CLANG_WARN_STRICT_PROTOTYPES = YES;
				CLANG_WARN_SUSPICIOUS_MOVE = YES;
				CLANG_WARN_UNGUARDED_AVAILABILITY = YES_AGGRESSIVE;
				CLANG_WARN_UNREACHABLE_CODE = YES;
				CLANG_WARN__DUPLICATE_METHOD_MATCH = YES;
				COPY_PHASE_STRIP = NO;
				DEBUG_INFORMATION_FORMAT = dwarf;
				ENABLE_STRICT_OBJC_MSGSEND = YES;
				ENABLE_TESTABILITY = YES;
				ENABLE_USER_SCRIPT_SANDBOXING = YES;
				GCC_C_LANGUAGE_STANDARD = gnu17;
				GCC_DYNAMIC_NO_PIC = NO;
				GCC_NO_COMMON_BLOCKS = YES;
				GCC_OPTIMIZATION_LEVEL = 0;
				GCC_PREPROCESSOR_DEFINITIONS = (
					"DEBUG=1",
					"$(inherited)",
				);
				GCC_WARN_64_TO_32_BIT_CONVERSION = YES;
				GCC_WARN_ABOUT_RETURN_TYPE = YES_ERROR;
				GCC_WARN_UNDECLARED_SELECTOR = YES;
				GCC_WARN_UNINITIALIZED_AUTOS = YES_AGGRESSIVE;
				GCC_WARN_UNUSED_FUNCTION = YES;
				GCC_WARN_UNUSED_VARIABLE = YES;
				IPHONEOS_DEPLOYMENT_TARGET = 17.2;
				LOCALIZATION_PREFERS_STRING_CATALOGS = YES;
				MTL_ENABLE_DEBUG_INFO = INCLUDE_SOURCE;
				MTL_FAST_MATH = YES;
				ONLY_ACTIVE_ARCH = YES;
				SDKROOT = iphoneos;
				SWIFT_ACTIVE_COMPILATION_CONDITIONS = "DEBUG $(inherited)";
				SWIFT_OPTIMIZATION_LEVEL = "-Onone";
			};
			name = Debug;
		};
		42A571012B5906C50070AFB4 /* Release */ = {
			isa = XCBuildConfiguration;
			buildSettings = {
				ALWAYS_SEARCH_USER_PATHS = NO;
				ASSETCATALOG_COMPILER_GENERATE_SWIFT_ASSET_SYMBOL_EXTENSIONS = YES;
				CLANG_ANALYZER_NONNULL = YES;
				CLANG_ANALYZER_NUMBER_OBJECT_CONVERSION = YES_AGGRESSIVE;
				CLANG_CXX_LANGUAGE_STANDARD = "gnu++20";
				CLANG_ENABLE_MODULES = YES;
				CLANG_ENABLE_OBJC_ARC = YES;
				CLANG_ENABLE_OBJC_WEAK = YES;
				CLANG_WARN_BLOCK_CAPTURE_AUTORELEASING = YES;
				CLANG_WARN_BOOL_CONVERSION = YES;
				CLANG_WARN_COMMA = YES;
				CLANG_WARN_CONSTANT_CONVERSION = YES;
				CLANG_WARN_DEPRECATED_OBJC_IMPLEMENTATIONS = YES;
				CLANG_WARN_DIRECT_OBJC_ISA_USAGE = YES_ERROR;
				CLANG_WARN_DOCUMENTATION_COMMENTS = YES;
				CLANG_WARN_EMPTY_BODY = YES;
				CLANG_WARN_ENUM_CONVERSION = YES;
				CLANG_WARN_INFINITE_RECURSION = YES;
				CLANG_WARN_INT_CONVERSION = YES;
				CLANG_WARN_NON_LITERAL_NULL_CONVERSION = YES;
				CLANG_WARN_OBJC_IMPLICIT_RETAIN_SELF = YES;
				CLANG_WARN_OBJC_LITERAL_CONVERSION = YES;
				CLANG_WARN_OBJC_ROOT_CLASS = YES_ERROR;
				CLANG_WARN_QUOTED_INCLUDE_IN_FRAMEWORK_HEADER = YES;
				CLANG_WARN_RANGE_LOOP_ANALYSIS = YES;
				CLANG_WARN_STRICT_PROTOTYPES = YES;
				CLANG_WARN_SUSPICIOUS_MOVE = YES;
				CLANG_WARN_UNGUARDED_AVAILABILITY = YES_AGGRESSIVE;
				CLANG_WARN_UNREACHABLE_CODE = YES;
				CLANG_WARN__DUPLICATE_METHOD_MATCH = YES;
				COPY_PHASE_STRIP = NO;
				DEBUG_INFORMATION_FORMAT = "dwarf-with-dsym";
				ENABLE_NS_ASSERTIONS = NO;
				ENABLE_STRICT_OBJC_MSGSEND = YES;
				ENABLE_USER_SCRIPT_SANDBOXING = YES;
				GCC_C_LANGUAGE_STANDARD = gnu17;
				GCC_NO_COMMON_BLOCKS = YES;
				GCC_WARN_64_TO_32_BIT_CONVERSION = YES;
				GCC_WARN_ABOUT_RETURN_TYPE = YES_ERROR;
				GCC_WARN_UNDECLARED_SELECTOR = YES;
				GCC_WARN_UNINITIALIZED_AUTOS = YES_AGGRESSIVE;
				GCC_WARN_UNUSED_FUNCTION = YES;
				GCC_WARN_UNUSED_VARIABLE = YES;
				IPHONEOS_DEPLOYMENT_TARGET = 17.2;
				LOCALIZATION_PREFERS_STRING_CATALOGS = YES;
				MTL_ENABLE_DEBUG_INFO = NO;
				MTL_FAST_MATH = YES;
				SDKROOT = iphoneos;
				SWIFT_COMPILATION_MODE = wholemodule;
				VALIDATE_PRODUCT = YES;
			};
			name = Release;
		};
		42A571032B5906C50070AFB4 /* Debug */ = {
			isa = XCBuildConfiguration;
			buildSettings = {
				ASSETCATALOG_COMPILER_APPICON_NAME = AppIcon;
				ASSETCATALOG_COMPILER_GLOBAL_ACCENT_COLOR_NAME = AccentColor;
				CODE_SIGN_STYLE = Automatic;
				CURRENT_PROJECT_VERSION = 1;
				DEVELOPMENT_TEAM = HR74YJR7W4;
				GENERATE_INFOPLIST_FILE = YES;
				INFOPLIST_FILE = "SeSAC4Recap-CodeBase/Info.plist";
				INFOPLIST_KEY_CFBundleDisplayName = "이동국";
				INFOPLIST_KEY_UIApplicationSupportsIndirectInputEvents = YES;
				INFOPLIST_KEY_UILaunchStoryboardName = LaunchScreen;
				INFOPLIST_KEY_UIMainStoryboardFile = Main;
				INFOPLIST_KEY_UISupportedInterfaceOrientations = UIInterfaceOrientationPortrait;
				INFOPLIST_KEY_UISupportedInterfaceOrientations_iPad = "UIInterfaceOrientationLandscapeLeft UIInterfaceOrientationLandscapeRight UIInterfaceOrientationPortrait UIInterfaceOrientationPortraitUpsideDown";
				IPHONEOS_DEPLOYMENT_TARGET = 15.0;
				LD_RUNPATH_SEARCH_PATHS = (
					"$(inherited)",
					"@executable_path/Frameworks",
				);
				MARKETING_VERSION = 1.0;
				PRODUCT_BUNDLE_IDENTIFIER = com.greed.SeSAC4Recap;
				PRODUCT_NAME = "$(TARGET_NAME)";
				SUPPORTED_PLATFORMS = "iphoneos iphonesimulator";
				SUPPORTS_MACCATALYST = NO;
				SUPPORTS_MAC_DESIGNED_FOR_IPHONE_IPAD = NO;
				SWIFT_EMIT_LOC_STRINGS = YES;
				SWIFT_VERSION = 5.0;
				TARGETED_DEVICE_FAMILY = 1;
			};
			name = Debug;
		};
		42A571042B5906C50070AFB4 /* Release */ = {
			isa = XCBuildConfiguration;
			buildSettings = {
				ASSETCATALOG_COMPILER_APPICON_NAME = AppIcon;
				ASSETCATALOG_COMPILER_GLOBAL_ACCENT_COLOR_NAME = AccentColor;
				CODE_SIGN_STYLE = Automatic;
				CURRENT_PROJECT_VERSION = 1;
				DEVELOPMENT_TEAM = HR74YJR7W4;
				GENERATE_INFOPLIST_FILE = YES;
				INFOPLIST_FILE = "SeSAC4Recap-CodeBase/Info.plist";
				INFOPLIST_KEY_CFBundleDisplayName = "이동국";
				INFOPLIST_KEY_UIApplicationSupportsIndirectInputEvents = YES;
				INFOPLIST_KEY_UILaunchStoryboardName = LaunchScreen;
				INFOPLIST_KEY_UIMainStoryboardFile = Main;
				INFOPLIST_KEY_UISupportedInterfaceOrientations = UIInterfaceOrientationPortrait;
				INFOPLIST_KEY_UISupportedInterfaceOrientations_iPad = "UIInterfaceOrientationLandscapeLeft UIInterfaceOrientationLandscapeRight UIInterfaceOrientationPortrait UIInterfaceOrientationPortraitUpsideDown";
				IPHONEOS_DEPLOYMENT_TARGET = 15.0;
				LD_RUNPATH_SEARCH_PATHS = (
					"$(inherited)",
					"@executable_path/Frameworks",
				);
				MARKETING_VERSION = 1.0;
				PRODUCT_BUNDLE_IDENTIFIER = com.greed.SeSAC4Recap;
				PRODUCT_NAME = "$(TARGET_NAME)";
				SUPPORTED_PLATFORMS = "iphoneos iphonesimulator";
				SUPPORTS_MACCATALYST = NO;
				SUPPORTS_MAC_DESIGNED_FOR_IPHONE_IPAD = NO;
				SWIFT_EMIT_LOC_STRINGS = YES;
				SWIFT_VERSION = 5.0;
				TARGETED_DEVICE_FAMILY = 1;
			};
			name = Release;
		};
/* End XCBuildConfiguration section */

/* Begin XCConfigurationList section */
		42A570E92B5906C30070AFB4 /* Build configuration list for PBXProject "SeSAC4Recap-CodeBase" */ = {
			isa = XCConfigurationList;
			buildConfigurations = (
				42A571002B5906C50070AFB4 /* Debug */,
				42A571012B5906C50070AFB4 /* Release */,
			);
			defaultConfigurationIsVisible = 0;
			defaultConfigurationName = Release;
		};
		42A571022B5906C50070AFB4 /* Build configuration list for PBXNativeTarget "SeSAC4Recap" */ = {
			isa = XCConfigurationList;
			buildConfigurations = (
				42A571032B5906C50070AFB4 /* Debug */,
				42A571042B5906C50070AFB4 /* Release */,
			);
			defaultConfigurationIsVisible = 0;
			defaultConfigurationName = Release;
		};
/* End XCConfigurationList section */

/* Begin XCRemoteSwiftPackageReference section */
		42A571102B5917D80070AFB4 /* XCRemoteSwiftPackageReference "Kingfisher" */ = {
			isa = XCRemoteSwiftPackageReference;
			repositoryURL = "https://github.com/onevcat/Kingfisher";
			requirement = {
				kind = upToNextMajorVersion;
				minimumVersion = 7.10.2;
			};
		};
		42A571132B5917DF0070AFB4 /* XCRemoteSwiftPackageReference "Alamofire" */ = {
			isa = XCRemoteSwiftPackageReference;
			repositoryURL = "https://github.com/Alamofire/Alamofire.git";
			requirement = {
				kind = upToNextMajorVersion;
				minimumVersion = 5.8.1;
			};
		};
		42A571162B5917E90070AFB4 /* XCRemoteSwiftPackageReference "TextFieldEffects" */ = {
			isa = XCRemoteSwiftPackageReference;
			repositoryURL = "https://github.com/raulriera/TextFieldEffects.git";
			requirement = {
				kind = upToNextMajorVersion;
				minimumVersion = 1.7.0;
			};
		};
/* End XCRemoteSwiftPackageReference section */

/* Begin XCSwiftPackageProductDependency section */
		42A571112B5917D80070AFB4 /* Kingfisher */ = {
			isa = XCSwiftPackageProductDependency;
			package = 42A571102B5917D80070AFB4 /* XCRemoteSwiftPackageReference "Kingfisher" */;
			productName = Kingfisher;
		};
		42A571142B5917DF0070AFB4 /* Alamofire */ = {
			isa = XCSwiftPackageProductDependency;
			package = 42A571132B5917DF0070AFB4 /* XCRemoteSwiftPackageReference "Alamofire" */;
			productName = Alamofire;
		};
		42A571172B5917E90070AFB4 /* TextFieldEffects */ = {
			isa = XCSwiftPackageProductDependency;
			package = 42A571162B5917E90070AFB4 /* XCRemoteSwiftPackageReference "TextFieldEffects" */;
			productName = TextFieldEffects;
		};
/* End XCSwiftPackageProductDependency section */
	};
	rootObject = 42A570E62B5906C30070AFB4 /* Project object */;
}
